{
  "nodes": {
    "flake-compat": {
      "flake": false,
      "locked": {
        "lastModified": 1696426674,
        "narHash": "sha256-kvjfFW7WAETZlt09AgDn1MrtKzP7t90Vf7vypd3OL1U=",
        "owner": "edolstra",
        "repo": "flake-compat",
        "rev": "0f9255e01c2351cc7d116c072cb317785dd33b33",
        "type": "github"
      },
      "original": {
        "owner": "edolstra",
        "repo": "flake-compat",
        "type": "github"
      }
    },
    "flake-utils": {
      "inputs": {
        "systems": "systems_2"
      },
      "locked": {
        "lastModified": 1710146030,
        "narHash": "sha256-SZ5L6eA7HJ/nmkzGG7/ISclqe6oZdOZTNoesiInkXPQ=",
        "owner": "numtide",
        "repo": "flake-utils",
        "rev": "b1d9ab70662946ef0850d488da1c9019f3a9752a",
        "type": "github"
      },
      "original": {
        "owner": "numtide",
        "repo": "flake-utils",
        "type": "github"
      }
    },
    "flake-utils_2": {
      "inputs": {
        "systems": "systems_3"
      },
      "locked": {
        "lastModified": 1705309234,
        "narHash": "sha256-uNRRNRKmJyCRC/8y1RqBkqWBLM034y4qN7EprSdmgyA=",
        "owner": "numtide",
        "repo": "flake-utils",
        "rev": "1ef2e671c3b0c19053962c07dbda38332dcebf26",
        "type": "github"
      },
      "original": {
        "owner": "numtide",
        "repo": "flake-utils",
        "type": "github"
      }
    },
    "home-manager": {
      "inputs": {
        "nixpkgs": [
          "nixpkgs"
        ]
      },
      "locked": {
        "lastModified": 1713566308,
        "narHash": "sha256-7Y91t8pheIzjJveUMAPyeh5NOq5F49Nq4Hl2532QpJs=",
        "owner": "nix-community",
        "repo": "home-manager",
        "rev": "057117a401a34259c9615ce62218aea7afdee4d3",
        "type": "github"
      },
      "original": {
        "owner": "nix-community",
        "repo": "home-manager",
        "type": "github"
      }
    },
    "nix-github-actions": {
      "inputs": {
        "nixpkgs": [
          "poetry2nix",
          "nixpkgs"
        ]
      },
      "locked": {
        "lastModified": 1703863825,
        "narHash": "sha256-rXwqjtwiGKJheXB43ybM8NwWB8rO2dSRrEqes0S7F5Y=",
        "owner": "nix-community",
        "repo": "nix-github-actions",
        "rev": "5163432afc817cf8bd1f031418d1869e4c9d5547",
        "type": "github"
      },
      "original": {
        "owner": "nix-community",
        "repo": "nix-github-actions",
        "type": "github"
      }
    },
    "nix-software-center": {
      "inputs": {
        "nixpkgs": "nixpkgs",
        "utils": "utils"
      },
      "locked": {
        "lastModified": 1703105285,
        "narHash": "sha256-BHoW1RQMc2Auz8paBvTBriKv0F6FI99+3nnz/ELLawg=",
        "owner": "snowfallorg",
        "repo": "nix-software-center",
        "rev": "68e87fb6e24fb3e6fe65449918d0cbda96622b65",
        "type": "github"
      },
      "original": {
        "owner": "snowfallorg",
        "repo": "nix-software-center",
        "type": "github"
      }
    },
    "nix-vscode-extensions": {
      "inputs": {
        "flake-compat": "flake-compat",
        "flake-utils": "flake-utils",
        "nixpkgs": "nixpkgs_2"
      },
      "locked": {
        "lastModified": 1713576043,
        "narHash": "sha256-3O6IFwE+fSy4netGsrTFLJ7Eu3BwMR/LEI0BbJfxvPI=",
        "owner": "nix-community",
        "repo": "nix-vscode-extensions",
        "rev": "bf06843f43adfb47596499ed8b3f5bdfe4c26658",
        "type": "github"
      },
      "original": {
        "owner": "nix-community",
        "repo": "nix-vscode-extensions",
        "type": "github"
      }
    },
    "nixpkgs": {
      "locked": {
        "lastModified": 1692638711,
        "narHash": "sha256-J0LgSFgJVGCC1+j5R2QndadWI1oumusg6hCtYAzLID4=",
        "owner": "NixOS",
        "repo": "nixpkgs",
        "rev": "91a22f76cd1716f9d0149e8a5c68424bb691de15",
        "type": "github"
      },
      "original": {
        "owner": "NixOS",
        "ref": "nixos-unstable",
        "repo": "nixpkgs",
        "type": "github"
      }
    },
    "nixpkgs_2": {
      "locked": {
        "lastModified": 1712222121,
        "narHash": "sha256-8f3glF4uwsPlDvaKDRgXD9xGe4YoCH4jA8ICxy/NbCo=",
        "owner": "NixOS",
        "repo": "nixpkgs",
        "rev": "23ff7d9dc4f3d553939e7bfe0d2667198f993536",
        "type": "github"
      },
      "original": {
        "owner": "NixOS",
        "ref": "nixpkgs-unstable",
        "repo": "nixpkgs",
        "type": "github"
      }
    },
    "nixpkgs_3": {
      "locked": {
        "lastModified": 1713537308,
        "narHash": "sha256-XtTSSIB2DA6tOv+l0FhvfDMiyCmhoRbNB+0SeInZkbk=",
        "owner": "nixos",
        "repo": "nixpkgs",
        "rev": "5c24cf2f0a12ad855f444c30b2421d044120c66f",
        "type": "github"
      },
      "original": {
        "owner": "nixos",
        "ref": "nixos-unstable",
        "repo": "nixpkgs",
        "type": "github"
      }
    },
    "nixpkgs_4": {
      "locked": {
        "lastModified": 1708422533,
        "narHash": "sha256-OJxUslyGM/Eni66IOq8WGCjpM3H0vEfdv+fwzUmsOSY=",
        "owner": "NixOS",
        "repo": "nixpkgs",
        "rev": "e1135102e9ae9f7fe84147f9700a17cf4839f97f",
        "type": "github"
      },
      "original": {
        "owner": "NixOS",
        "ref": "master",
        "repo": "nixpkgs",
        "type": "github"
      }
    },
    "poetry2nix": {
      "inputs": {
        "flake-utils": "flake-utils_2",
        "nix-github-actions": "nix-github-actions",
        "nixpkgs": "nixpkgs_4",
        "systems": "systems_4",
        "treefmt-nix": "treefmt-nix"
      },
      "locked": {
        "lastModified": 1708589824,
        "narHash": "sha256-2GOiFTkvs5MtVF65sC78KNVxQSmsxtk0WmV1wJ9V2ck=",
        "owner": "nix-community",
        "repo": "poetry2nix",
        "rev": "3c92540611f42d3fb2d0d084a6c694cd6544b609",
        "type": "github"
      },
      "original": {
        "owner": "nix-community",
        "repo": "poetry2nix",
        "type": "github"
      }
    },
    "root": {
      "inputs": {
        "home-manager": "home-manager",
        "nix-software-center": "nix-software-center",
        "nix-vscode-extensions": "nix-vscode-extensions",
        "nixpkgs": "nixpkgs_3",
        "poetry2nix": "poetry2nix"
      }
    },
    "systems": {
      "locked": {
        "lastModified": 1681028828,
        "narHash": "sha256-Vy1rq5AaRuLzOxct8nz4T6wlgyUR7zLU309k9mBC768=",
        "owner": "nix-systems",
        "repo": "default",
        "rev": "da67096a3b9bf56a91d16901293e51ba5b49a27e",
        "type": "github"
      },
      "original": {
        "owner": "nix-systems",
        "repo": "default",
        "type": "github"
      }
    },
    "systems_2": {
      "locked": {
        "lastModified": 1681028828,
        "narHash": "sha256-Vy1rq5AaRuLzOxct8nz4T6wlgyUR7zLU309k9mBC768=",
        "owner": "nix-systems",
        "repo": "default",
        "rev": "da67096a3b9bf56a91d16901293e51ba5b49a27e",
        "type": "github"
      },
      "original": {
        "owner": "nix-systems",
        "repo": "default",
        "type": "github"
      }
    },
    "systems_3": {
      "locked": {
        "lastModified": 1681028828,
        "narHash": "sha256-Vy1rq5AaRuLzOxct8nz4T6wlgyUR7zLU309k9mBC768=",
        "owner": "nix-systems",
        "repo": "default",
        "rev": "da67096a3b9bf56a91d16901293e51ba5b49a27e",
        "type": "github"
      },
      "original": {
        "owner": "nix-systems",
        "repo": "default",
        "type": "github"
      }
    },
    "systems_4": {
      "locked": {
        "lastModified": 1681028828,
        "narHash": "sha256-Vy1rq5AaRuLzOxct8nz4T6wlgyUR7zLU309k9mBC768=",
        "owner": "nix-systems",
        "repo": "default",
        "rev": "da67096a3b9bf56a91d16901293e51ba5b49a27e",
        "type": "github"
      },
      "original": {
        "id": "systems",
        "type": "indirect"
      }
    },
    "treefmt-nix": {
      "inputs": {
        "nixpkgs": [
          "poetry2nix",
          "nixpkgs"
        ]
      },
      "locked": {
        "lastModified": 1708335038,
        "narHash": "sha256-ETLZNFBVCabo7lJrpjD6cAbnE11eDOjaQnznmg/6hAE=",
        "owner": "numtide",
        "repo": "treefmt-nix",
        "rev": "e504621290a1fd896631ddbc5e9c16f4366c9f65",
        "type": "github"
      },
      "original": {
        "owner": "numtide",
        "repo": "treefmt-nix",
        "type": "github"
      }
    },
    "utils": {
      "inputs": {
        "systems": "systems"
      },
      "locked": {
        "lastModified": 1689068808,
        "narHash": "sha256-6ixXo3wt24N/melDWjq70UuHQLxGV8jZvooRanIHXw0=",
        "owner": "numtide",
        "repo": "flake-utils",
        "rev": "919d646de7be200f3bf08cb76ae1f09402b6f9b4",
        "type": "github"
      },
      "original": {
        "owner": "numtide",
        "repo": "flake-utils",
        "type": "github"
      }
    }
  },
  "root": "root",
  "version": 7
}
